// !$*UTF8*$!
{
	archiveVersion = 1;
	classes = {
	};
	objectVersion = 46;
	objects = {

/* Begin PBXBuildFile section */
		500116EB1D9DF09900D3E0E8 /* Errors.swift in Sources */ = {isa = PBXBuildFile; fileRef = 500116EA1D9DF09900D3E0E8 /* Errors.swift */; };
		5011D4211D9AB08600EB77B8 /* CryptoTests.swift in Sources */ = {isa = PBXBuildFile; fileRef = 5011D4201D9AB08600EB77B8 /* CryptoTests.swift */; };
		5022940D1D8530FE0032CE2F /* Logger.swift in Sources */ = {isa = PBXBuildFile; fileRef = 5022940C1D8530FE0032CE2F /* Logger.swift */; };
		5041EA731D94FB030001BA42 /* ImageCache.swift in Sources */ = {isa = PBXBuildFile; fileRef = 5041EA721D94FB030001BA42 /* ImageCache.swift */; };
		5041EA751D9506630001BA42 /* String+Extension.swift in Sources */ = {isa = PBXBuildFile; fileRef = 5041EA741D9506630001BA42 /* String+Extension.swift */; };
		5041EA771D9515890001BA42 /* UIKit+ImageDownload.swift in Sources */ = {isa = PBXBuildFile; fileRef = 5041EA761D9515890001BA42 /* UIKit+ImageDownload.swift */; };
		5041EA7A1D951C270001BA42 /* ImageProcessor.swift in Sources */ = {isa = PBXBuildFile; fileRef = 5041EA791D951C270001BA42 /* ImageProcessor.swift */; };
		505339561D964AEB004CFE87 /* DispatchQueue+Extension.swift in Sources */ = {isa = PBXBuildFile; fileRef = 505339551D964AEB004CFE87 /* DispatchQueue+Extension.swift */; };
		505339601D9691FA004CFE87 /* Rubick.framework in Frameworks */ = {isa = PBXBuildFile; fileRef = 50E92FE51D658690005A1048 /* Rubick.framework */; };
		505339671D969590004CFE87 /* ImageDownloaderTests.swift in Sources */ = {isa = PBXBuildFile; fileRef = 505339661D969590004CFE87 /* ImageDownloaderTests.swift */; };
		50577F8F1D9CA6F800581A3A /* Validator.swift in Sources */ = {isa = PBXBuildFile; fileRef = 50577F8E1D9CA6F800581A3A /* Validator.swift */; };
		50577F911D9CC28800581A3A /* ValidatorTests.swift in Sources */ = {isa = PBXBuildFile; fileRef = 50577F901D9CC28800581A3A /* ValidatorTests.swift */; };
		5068DA5F1D8FE7D900068996 /* ImageDownloader.swift in Sources */ = {isa = PBXBuildFile; fileRef = 5068DA5E1D8FE7D900068996 /* ImageDownloader.swift */; };
		50766F3B1D6ECC30000DFA1A /* TypeConvert.swift in Sources */ = {isa = PBXBuildFile; fileRef = 50766F3A1D6ECC30000DFA1A /* TypeConvert.swift */; };
		50766F471D6EF31A000DFA1A /* SegmentedControl.swift in Sources */ = {isa = PBXBuildFile; fileRef = 50766F461D6EF31A000DFA1A /* SegmentedControl.swift */; };
		5080171A1D979709005C50D8 /* Response.swift in Sources */ = {isa = PBXBuildFile; fileRef = 508017191D979709005C50D8 /* Response.swift */; };
		5080171C1D979727005C50D8 /* Notification.swift in Sources */ = {isa = PBXBuildFile; fileRef = 5080171B1D979727005C50D8 /* Notification.swift */; };
		5080171E1D979745005C50D8 /* TaskHandler.swift in Sources */ = {isa = PBXBuildFile; fileRef = 5080171D1D979745005C50D8 /* TaskHandler.swift */; };
		5082501B1D9A205A00656663 /* Box.swift in Sources */ = {isa = PBXBuildFile; fileRef = 508250121D9A205A00656663 /* Box.swift */; };
		5082501E1D9A205A00656663 /* FileHelper.swift in Sources */ = {isa = PBXBuildFile; fileRef = 508250151D9A205A00656663 /* FileHelper.swift */; };
		5082501F1D9A205A00656663 /* Information.swift in Sources */ = {isa = PBXBuildFile; fileRef = 508250161D9A205A00656663 /* Information.swift */; };
		508250201D9A205A00656663 /* Keychain.swift in Sources */ = {isa = PBXBuildFile; fileRef = 508250171D9A205A00656663 /* Keychain.swift */; };
		508250211D9A205A00656663 /* Promise.swift in Sources */ = {isa = PBXBuildFile; fileRef = 508250181D9A205A00656663 /* Promise.swift */; };
		508250221D9A205A00656663 /* Result.swift in Sources */ = {isa = PBXBuildFile; fileRef = 508250191D9A205A00656663 /* Result.swift */; };
		508250231D9A205A00656663 /* Then.swift in Sources */ = {isa = PBXBuildFile; fileRef = 5082501A1D9A205A00656663 /* Then.swift */; };
		508250311D9A46DD00656663 /* KeychainTests.swift in Sources */ = {isa = PBXBuildFile; fileRef = 508250301D9A46DD00656663 /* KeychainTests.swift */; };
		508250391D9A4E4E00656663 /* AppDelegate.swift in Sources */ = {isa = PBXBuildFile; fileRef = 508250381D9A4E4E00656663 /* AppDelegate.swift */; };
		5082503B1D9A4E4E00656663 /* ViewController.swift in Sources */ = {isa = PBXBuildFile; fileRef = 5082503A1D9A4E4E00656663 /* ViewController.swift */; };
		5082503E1D9A4E4E00656663 /* Main.storyboard in Resources */ = {isa = PBXBuildFile; fileRef = 5082503C1D9A4E4E00656663 /* Main.storyboard */; };
		508250401D9A4E4E00656663 /* Assets.xcassets in Resources */ = {isa = PBXBuildFile; fileRef = 5082503F1D9A4E4E00656663 /* Assets.xcassets */; };
		508250431D9A4E4E00656663 /* LaunchScreen.storyboard in Resources */ = {isa = PBXBuildFile; fileRef = 508250411D9A4E4E00656663 /* LaunchScreen.storyboard */; };
		5082505B1D9A4F4100656663 /* HUDTests.swift in Sources */ = {isa = PBXBuildFile; fileRef = 5082505A1D9A4F4100656663 /* HUDTests.swift */; };
		5082505C1D9A55EA00656663 /* Rubick.framework in Frameworks */ = {isa = PBXBuildFile; fileRef = 50E92FE51D658690005A1048 /* Rubick.framework */; };
		5082505D1D9A55EA00656663 /* Rubick.framework in Embed Frameworks */ = {isa = PBXBuildFile; fileRef = 50E92FE51D658690005A1048 /* Rubick.framework */; settings = {ATTRIBUTES = (CodeSignOnCopy, RemoveHeadersOnCopy, ); }; };
		50A15AF51D82AA4300355F8A /* Extension.swift in Sources */ = {isa = PBXBuildFile; fileRef = 50A15AF41D82AA4300355F8A /* Extension.swift */; };
		50A4DCC31D742DF20023E8E6 /* UIEdgeInsets+Extension.swift in Sources */ = {isa = PBXBuildFile; fileRef = 50A4DCC21D742DF20023E8E6 /* UIEdgeInsets+Extension.swift */; };
		50A8495C1D800BC500A99CAE /* BodyParameters.swift in Sources */ = {isa = PBXBuildFile; fileRef = 50A849571D800BC500A99CAE /* BodyParameters.swift */; };
		50A8495D1D800BC500A99CAE /* Error.swift in Sources */ = {isa = PBXBuildFile; fileRef = 50A849581D800BC500A99CAE /* Error.swift */; };
		50A8495E1D800BC500A99CAE /* Manager.swift in Sources */ = {isa = PBXBuildFile; fileRef = 50A849591D800BC500A99CAE /* Manager.swift */; };
		50A8495F1D800BC500A99CAE /* Request.swift in Sources */ = {isa = PBXBuildFile; fileRef = 50A8495A1D800BC500A99CAE /* Request.swift */; };
		50A849601D800BC500A99CAE /* RequestType.swift in Sources */ = {isa = PBXBuildFile; fileRef = 50A8495B1D800BC500A99CAE /* RequestType.swift */; };
		50A8496C1D81007F00A99CAE /* NetworkActivityIndicatorManager.swift in Sources */ = {isa = PBXBuildFile; fileRef = 50A8496B1D81007F00A99CAE /* NetworkActivityIndicatorManager.swift */; };
		50B6BB0E1D658B8600256B2F /* Rubick.h in Headers */ = {isa = PBXBuildFile; fileRef = 50B6BB0D1D658B8600256B2F /* Rubick.h */; settings = {ATTRIBUTES = (Public, ); }; };
		50B6BB271D669DBA00256B2F /* ImageLabel.swift in Sources */ = {isa = PBXBuildFile; fileRef = 50B6BB261D669DBA00256B2F /* ImageLabel.swift */; };
		50B6BB2B1D66ADB600256B2F /* Array+Extension.swift in Sources */ = {isa = PBXBuildFile; fileRef = 50B6BB2A1D66ADB600256B2F /* Array+Extension.swift */; };
		50B6BB431D66F49700256B2F /* Constaints.swift in Sources */ = {isa = PBXBuildFile; fileRef = 50B6BB421D66F49700256B2F /* Constaints.swift */; };
		50B6BB451D66F62700256B2F /* KeyboardManager.swift in Sources */ = {isa = PBXBuildFile; fileRef = 50B6BB441D66F62700256B2F /* KeyboardManager.swift */; };
		50B6BB471D66F68700256B2F /* Toast.swift in Sources */ = {isa = PBXBuildFile; fileRef = 50B6BB461D66F68700256B2F /* Toast.swift */; };
		50B7B9081D6E94F200D6F84B /* UIView+Extension.swift in Sources */ = {isa = PBXBuildFile; fileRef = 50B7B9071D6E94F200D6F84B /* UIView+Extension.swift */; };
		50B7B90A1D6E9AC200D6F84B /* UIImage+Extension.swift in Sources */ = {isa = PBXBuildFile; fileRef = 50B7B9091D6E9AC200D6F84B /* UIImage+Extension.swift */; };
		50B7B90C1D6E9D1400D6F84B /* TabBar.swift in Sources */ = {isa = PBXBuildFile; fileRef = 50B7B90B1D6E9D1400D6F84B /* TabBar.swift */; };
		50BDBCCE1D90D48C00F3F8B3 /* Cache.swift in Sources */ = {isa = PBXBuildFile; fileRef = 50BDBCCD1D90D48C00F3F8B3 /* Cache.swift */; };
		50BDBCD01D90D49500F3F8B3 /* DiskCache.swift in Sources */ = {isa = PBXBuildFile; fileRef = 50BDBCCF1D90D49500F3F8B3 /* DiskCache.swift */; };
		50BDBCD21D90D4A700F3F8B3 /* MemoryCache.swift in Sources */ = {isa = PBXBuildFile; fileRef = 50BDBCD11D90D4A700F3F8B3 /* MemoryCache.swift */; };
		50C3E7861D88EBB80038A8E3 /* EmptyPlaceholderSwizzle.h in Headers */ = {isa = PBXBuildFile; fileRef = 50C3E7841D88EBB80038A8E3 /* EmptyPlaceholderSwizzle.h */; };
		50C3E7871D88EBB80038A8E3 /* EmptyPlaceholderSwizzle.m in Sources */ = {isa = PBXBuildFile; fileRef = 50C3E7851D88EBB80038A8E3 /* EmptyPlaceholderSwizzle.m */; };
		50C3E7891D893E450038A8E3 /* UIScrollViewLoading.swift in Sources */ = {isa = PBXBuildFile; fileRef = 50C3E7881D893E450038A8E3 /* UIScrollViewLoading.swift */; };
		50C901551D842A30000079AA /* EmptyPlaceholder.swift in Sources */ = {isa = PBXBuildFile; fileRef = 50C901541D842A30000079AA /* EmptyPlaceholder.swift */; };
		50CDED651D9B5F510047B614 /* Crypto.swift in Sources */ = {isa = PBXBuildFile; fileRef = 50CDED5F1D9B5F510047B614 /* Crypto.swift */; };
		50CDED661D9B5F510047B614 /* Cryptor.swift in Sources */ = {isa = PBXBuildFile; fileRef = 50CDED601D9B5F510047B614 /* Cryptor.swift */; };
		50CDED671D9B5F510047B614 /* Digest.swift in Sources */ = {isa = PBXBuildFile; fileRef = 50CDED611D9B5F510047B614 /* Digest.swift */; };
		50CDED681D9B5F510047B614 /* HMAC.swift in Sources */ = {isa = PBXBuildFile; fileRef = 50CDED621D9B5F510047B614 /* HMAC.swift */; };
		50CDED691D9B5F510047B614 /* Random.swift in Sources */ = {isa = PBXBuildFile; fileRef = 50CDED631D9B5F510047B614 /* Random.swift */; };
		50CDED6A1D9B5F510047B614 /* Updatable.swift in Sources */ = {isa = PBXBuildFile; fileRef = 50CDED641D9B5F510047B614 /* Updatable.swift */; };
		50DF423D1DAA32CF001A5B18 /* UIKit+Closure.swift in Sources */ = {isa = PBXBuildFile; fileRef = 50DF423C1DAA32CF001A5B18 /* UIKit+Closure.swift */; };
		50E92FF31D658700005A1048 /* UIColor+Extension.swift in Sources */ = {isa = PBXBuildFile; fileRef = 50E92FF21D658700005A1048 /* UIColor+Extension.swift */; };
		50F5AAA91D91284C00C67E4C /* ImageDecoder.swift in Sources */ = {isa = PBXBuildFile; fileRef = 50F5AAA81D91284C00C67E4C /* ImageDecoder.swift */; };
		50FB008D1D98CC6D008EE165 /* LruCache.swift in Sources */ = {isa = PBXBuildFile; fileRef = 50FB008C1D98CC6D008EE165 /* LruCache.swift */; };
		50FB008F1D990C4B008EE165 /* LruCacheTests.swift in Sources */ = {isa = PBXBuildFile; fileRef = 50FB008E1D990C4B008EE165 /* LruCacheTests.swift */; };
/* End PBXBuildFile section */

/* Begin PBXContainerItemProxy section */
		505339611D9691FA004CFE87 /* PBXContainerItemProxy */ = {
			isa = PBXContainerItemProxy;
			containerPortal = 50E92FDA1D658673005A1048 /* Project object */;
			proxyType = 1;
			remoteGlobalIDString = 50E92FE41D658690005A1048;
			remoteInfo = Rubick;
		};
		508250511D9A4E8900656663 /* PBXContainerItemProxy */ = {
			isa = PBXContainerItemProxy;
			containerPortal = 50E92FDA1D658673005A1048 /* Project object */;
			proxyType = 1;
			remoteGlobalIDString = 508250351D9A4E4E00656663;
			remoteInfo = RubickHostApp;
		};
		508250571D9A4ECA00656663 /* PBXContainerItemProxy */ = {
			isa = PBXContainerItemProxy;
			containerPortal = 50E92FDA1D658673005A1048 /* Project object */;
			proxyType = 1;
			remoteGlobalIDString = 508250351D9A4E4E00656663;
			remoteInfo = RubickHostApp;
		};
		5082505E1D9A55EA00656663 /* PBXContainerItemProxy */ = {
			isa = PBXContainerItemProxy;
			containerPortal = 50E92FDA1D658673005A1048 /* Project object */;
			proxyType = 1;
			remoteGlobalIDString = 50E92FE41D658690005A1048;
			remoteInfo = Rubick;
		};
/* End PBXContainerItemProxy section */

/* Begin PBXCopyFilesBuildPhase section */
		508250601D9A55EA00656663 /* Embed Frameworks */ = {
			isa = PBXCopyFilesBuildPhase;
			buildActionMask = 2147483647;
			dstPath = "";
			dstSubfolderSpec = 10;
			files = (
				5082505D1D9A55EA00656663 /* Rubick.framework in Embed Frameworks */,
			);
			name = "Embed Frameworks";
			runOnlyForDeploymentPostprocessing = 0;
		};
/* End PBXCopyFilesBuildPhase section */

/* Begin PBXFileReference section */
		500116EA1D9DF09900D3E0E8 /* Errors.swift */ = {isa = PBXFileReference; fileEncoding = 4; lastKnownFileType = sourcecode.swift; path = Errors.swift; sourceTree = "<group>"; };
		5011D41D1D9AAE5100EB77B8 /* CommonCrypto.framework */ = {isa = PBXFileReference; lastKnownFileType = wrapper.framework; name = CommonCrypto.framework; path = ../Carthage/Build/iOS/CommonCrypto.framework; sourceTree = "<group>"; };
		5011D4201D9AB08600EB77B8 /* CryptoTests.swift */ = {isa = PBXFileReference; fileEncoding = 4; lastKnownFileType = sourcecode.swift; path = CryptoTests.swift; sourceTree = "<group>"; };
		5022940C1D8530FE0032CE2F /* Logger.swift */ = {isa = PBXFileReference; fileEncoding = 4; lastKnownFileType = sourcecode.swift; path = Logger.swift; sourceTree = "<group>"; };
		5041EA721D94FB030001BA42 /* ImageCache.swift */ = {isa = PBXFileReference; fileEncoding = 4; lastKnownFileType = sourcecode.swift; path = ImageCache.swift; sourceTree = "<group>"; };
		5041EA741D9506630001BA42 /* String+Extension.swift */ = {isa = PBXFileReference; fileEncoding = 4; lastKnownFileType = sourcecode.swift; path = "String+Extension.swift"; sourceTree = "<group>"; };
		5041EA761D9515890001BA42 /* UIKit+ImageDownload.swift */ = {isa = PBXFileReference; fileEncoding = 4; lastKnownFileType = sourcecode.swift; path = "UIKit+ImageDownload.swift"; sourceTree = "<group>"; };
		5041EA791D951C270001BA42 /* ImageProcessor.swift */ = {isa = PBXFileReference; fileEncoding = 4; lastKnownFileType = sourcecode.swift; path = ImageProcessor.swift; sourceTree = "<group>"; };
		505339551D964AEB004CFE87 /* DispatchQueue+Extension.swift */ = {isa = PBXFileReference; fileEncoding = 4; lastKnownFileType = sourcecode.swift; path = "DispatchQueue+Extension.swift"; sourceTree = "<group>"; };
		5053395B1D9691FA004CFE87 /* RubickTests.xctest */ = {isa = PBXFileReference; explicitFileType = wrapper.cfbundle; includeInIndex = 0; path = RubickTests.xctest; sourceTree = BUILT_PRODUCTS_DIR; };
		5053395F1D9691FA004CFE87 /* Info.plist */ = {isa = PBXFileReference; lastKnownFileType = text.plist.xml; path = Info.plist; sourceTree = "<group>"; };
		505339661D969590004CFE87 /* ImageDownloaderTests.swift */ = {isa = PBXFileReference; fileEncoding = 4; lastKnownFileType = sourcecode.swift; path = ImageDownloaderTests.swift; sourceTree = "<group>"; };
		50577F8E1D9CA6F800581A3A /* Validator.swift */ = {isa = PBXFileReference; fileEncoding = 4; lastKnownFileType = sourcecode.swift; path = Validator.swift; sourceTree = "<group>"; };
		50577F901D9CC28800581A3A /* ValidatorTests.swift */ = {isa = PBXFileReference; fileEncoding = 4; lastKnownFileType = sourcecode.swift; path = ValidatorTests.swift; sourceTree = "<group>"; };
		5068DA5E1D8FE7D900068996 /* ImageDownloader.swift */ = {isa = PBXFileReference; fileEncoding = 4; lastKnownFileType = sourcecode.swift; path = ImageDownloader.swift; sourceTree = "<group>"; };
		50766F3A1D6ECC30000DFA1A /* TypeConvert.swift */ = {isa = PBXFileReference; fileEncoding = 4; lastKnownFileType = sourcecode.swift; path = TypeConvert.swift; sourceTree = "<group>"; };
		50766F461D6EF31A000DFA1A /* SegmentedControl.swift */ = {isa = PBXFileReference; fileEncoding = 4; lastKnownFileType = sourcecode.swift; path = SegmentedControl.swift; sourceTree = "<group>"; };
		508017191D979709005C50D8 /* Response.swift */ = {isa = PBXFileReference; fileEncoding = 4; lastKnownFileType = sourcecode.swift; path = Response.swift; sourceTree = "<group>"; };
		5080171B1D979727005C50D8 /* Notification.swift */ = {isa = PBXFileReference; fileEncoding = 4; lastKnownFileType = sourcecode.swift; path = Notification.swift; sourceTree = "<group>"; };
		5080171D1D979745005C50D8 /* TaskHandler.swift */ = {isa = PBXFileReference; fileEncoding = 4; lastKnownFileType = sourcecode.swift; path = TaskHandler.swift; sourceTree = "<group>"; };
		508250121D9A205A00656663 /* Box.swift */ = {isa = PBXFileReference; fileEncoding = 4; lastKnownFileType = sourcecode.swift; path = Box.swift; sourceTree = "<group>"; };
		508250151D9A205A00656663 /* FileHelper.swift */ = {isa = PBXFileReference; fileEncoding = 4; lastKnownFileType = sourcecode.swift; path = FileHelper.swift; sourceTree = "<group>"; };
		508250161D9A205A00656663 /* Information.swift */ = {isa = PBXFileReference; fileEncoding = 4; lastKnownFileType = sourcecode.swift; path = Information.swift; sourceTree = "<group>"; };
		508250171D9A205A00656663 /* Keychain.swift */ = {isa = PBXFileReference; fileEncoding = 4; lastKnownFileType = sourcecode.swift; path = Keychain.swift; sourceTree = "<group>"; };
		508250181D9A205A00656663 /* Promise.swift */ = {isa = PBXFileReference; fileEncoding = 4; lastKnownFileType = sourcecode.swift; path = Promise.swift; sourceTree = "<group>"; };
		508250191D9A205A00656663 /* Result.swift */ = {isa = PBXFileReference; fileEncoding = 4; lastKnownFileType = sourcecode.swift; path = Result.swift; sourceTree = "<group>"; };
		5082501A1D9A205A00656663 /* Then.swift */ = {isa = PBXFileReference; fileEncoding = 4; lastKnownFileType = sourcecode.swift; path = Then.swift; sourceTree = "<group>"; };
		508250301D9A46DD00656663 /* KeychainTests.swift */ = {isa = PBXFileReference; fileEncoding = 4; lastKnownFileType = sourcecode.swift; path = KeychainTests.swift; sourceTree = "<group>"; };
		508250361D9A4E4E00656663 /* RubickHostApp.app */ = {isa = PBXFileReference; explicitFileType = wrapper.application; includeInIndex = 0; path = RubickHostApp.app; sourceTree = BUILT_PRODUCTS_DIR; };
		508250381D9A4E4E00656663 /* AppDelegate.swift */ = {isa = PBXFileReference; lastKnownFileType = sourcecode.swift; path = AppDelegate.swift; sourceTree = "<group>"; };
		5082503A1D9A4E4E00656663 /* ViewController.swift */ = {isa = PBXFileReference; lastKnownFileType = sourcecode.swift; path = ViewController.swift; sourceTree = "<group>"; };
		5082503D1D9A4E4E00656663 /* Base */ = {isa = PBXFileReference; lastKnownFileType = file.storyboard; name = Base; path = Base.lproj/Main.storyboard; sourceTree = "<group>"; };
		5082503F1D9A4E4E00656663 /* Assets.xcassets */ = {isa = PBXFileReference; lastKnownFileType = folder.assetcatalog; path = Assets.xcassets; sourceTree = "<group>"; };
		508250421D9A4E4E00656663 /* Base */ = {isa = PBXFileReference; lastKnownFileType = file.storyboard; name = Base; path = Base.lproj/LaunchScreen.storyboard; sourceTree = "<group>"; };
		508250441D9A4E4E00656663 /* Info.plist */ = {isa = PBXFileReference; lastKnownFileType = text.plist.xml; path = Info.plist; sourceTree = "<group>"; };
		5082504C1D9A4E8900656663 /* RubickUITests.xctest */ = {isa = PBXFileReference; explicitFileType = wrapper.cfbundle; includeInIndex = 0; path = RubickUITests.xctest; sourceTree = BUILT_PRODUCTS_DIR; };
		508250501D9A4E8900656663 /* Info.plist */ = {isa = PBXFileReference; lastKnownFileType = text.plist.xml; path = Info.plist; sourceTree = "<group>"; };
		508250561D9A4E9900656663 /* RubickHostApp.entitlements */ = {isa = PBXFileReference; lastKnownFileType = text.plist.entitlements; path = RubickHostApp.entitlements; sourceTree = "<group>"; };
		508250591D9A4F4100656663 /* RubickUITests-Bridging-Header.h */ = {isa = PBXFileReference; lastKnownFileType = sourcecode.c.h; path = "RubickUITests-Bridging-Header.h"; sourceTree = "<group>"; };
		5082505A1D9A4F4100656663 /* HUDTests.swift */ = {isa = PBXFileReference; fileEncoding = 4; lastKnownFileType = sourcecode.swift; path = HUDTests.swift; sourceTree = "<group>"; };
		50A15AF41D82AA4300355F8A /* Extension.swift */ = {isa = PBXFileReference; fileEncoding = 4; lastKnownFileType = sourcecode.swift; path = Extension.swift; sourceTree = "<group>"; };
		50A4DCC21D742DF20023E8E6 /* UIEdgeInsets+Extension.swift */ = {isa = PBXFileReference; fileEncoding = 4; lastKnownFileType = sourcecode.swift; path = "UIEdgeInsets+Extension.swift"; sourceTree = "<group>"; };
		50A849571D800BC500A99CAE /* BodyParameters.swift */ = {isa = PBXFileReference; fileEncoding = 4; lastKnownFileType = sourcecode.swift; path = BodyParameters.swift; sourceTree = "<group>"; };
		50A849581D800BC500A99CAE /* Error.swift */ = {isa = PBXFileReference; fileEncoding = 4; lastKnownFileType = sourcecode.swift; path = Error.swift; sourceTree = "<group>"; };
		50A849591D800BC500A99CAE /* Manager.swift */ = {isa = PBXFileReference; fileEncoding = 4; lastKnownFileType = sourcecode.swift; path = Manager.swift; sourceTree = "<group>"; };
		50A8495A1D800BC500A99CAE /* Request.swift */ = {isa = PBXFileReference; fileEncoding = 4; lastKnownFileType = sourcecode.swift; path = Request.swift; sourceTree = "<group>"; };
		50A8495B1D800BC500A99CAE /* RequestType.swift */ = {isa = PBXFileReference; fileEncoding = 4; lastKnownFileType = sourcecode.swift; path = RequestType.swift; sourceTree = "<group>"; };
		50A8496B1D81007F00A99CAE /* NetworkActivityIndicatorManager.swift */ = {isa = PBXFileReference; fileEncoding = 4; lastKnownFileType = sourcecode.swift; path = NetworkActivityIndicatorManager.swift; sourceTree = "<group>"; };
		50B6BB0D1D658B8600256B2F /* Rubick.h */ = {isa = PBXFileReference; fileEncoding = 4; lastKnownFileType = sourcecode.c.h; path = Rubick.h; sourceTree = SOURCE_ROOT; };
		50B6BB261D669DBA00256B2F /* ImageLabel.swift */ = {isa = PBXFileReference; fileEncoding = 4; lastKnownFileType = sourcecode.swift; path = ImageLabel.swift; sourceTree = "<group>"; };
		50B6BB2A1D66ADB600256B2F /* Array+Extension.swift */ = {isa = PBXFileReference; fileEncoding = 4; lastKnownFileType = sourcecode.swift; path = "Array+Extension.swift"; sourceTree = "<group>"; };
		50B6BB421D66F49700256B2F /* Constaints.swift */ = {isa = PBXFileReference; fileEncoding = 4; lastKnownFileType = sourcecode.swift; path = Constaints.swift; sourceTree = "<group>"; };
		50B6BB441D66F62700256B2F /* KeyboardManager.swift */ = {isa = PBXFileReference; fileEncoding = 4; lastKnownFileType = sourcecode.swift; path = KeyboardManager.swift; sourceTree = "<group>"; };
		50B6BB461D66F68700256B2F /* Toast.swift */ = {isa = PBXFileReference; fileEncoding = 4; lastKnownFileType = sourcecode.swift; path = Toast.swift; sourceTree = "<group>"; };
		50B7B9071D6E94F200D6F84B /* UIView+Extension.swift */ = {isa = PBXFileReference; fileEncoding = 4; lastKnownFileType = sourcecode.swift; path = "UIView+Extension.swift"; sourceTree = "<group>"; };
		50B7B9091D6E9AC200D6F84B /* UIImage+Extension.swift */ = {isa = PBXFileReference; fileEncoding = 4; lastKnownFileType = sourcecode.swift; path = "UIImage+Extension.swift"; sourceTree = "<group>"; };
		50B7B90B1D6E9D1400D6F84B /* TabBar.swift */ = {isa = PBXFileReference; fileEncoding = 4; lastKnownFileType = sourcecode.swift; path = TabBar.swift; sourceTree = "<group>"; };
		50BDBCCD1D90D48C00F3F8B3 /* Cache.swift */ = {isa = PBXFileReference; fileEncoding = 4; lastKnownFileType = sourcecode.swift; path = Cache.swift; sourceTree = "<group>"; };
		50BDBCCF1D90D49500F3F8B3 /* DiskCache.swift */ = {isa = PBXFileReference; fileEncoding = 4; lastKnownFileType = sourcecode.swift; path = DiskCache.swift; sourceTree = "<group>"; };
		50BDBCD11D90D4A700F3F8B3 /* MemoryCache.swift */ = {isa = PBXFileReference; fileEncoding = 4; lastKnownFileType = sourcecode.swift; path = MemoryCache.swift; sourceTree = "<group>"; };
		50C3E7841D88EBB80038A8E3 /* EmptyPlaceholderSwizzle.h */ = {isa = PBXFileReference; fileEncoding = 4; lastKnownFileType = sourcecode.c.h; path = EmptyPlaceholderSwizzle.h; sourceTree = "<group>"; };
		50C3E7851D88EBB80038A8E3 /* EmptyPlaceholderSwizzle.m */ = {isa = PBXFileReference; fileEncoding = 4; lastKnownFileType = sourcecode.c.objc; path = EmptyPlaceholderSwizzle.m; sourceTree = "<group>"; };
		50C3E7881D893E450038A8E3 /* UIScrollViewLoading.swift */ = {isa = PBXFileReference; fileEncoding = 4; lastKnownFileType = sourcecode.swift; path = UIScrollViewLoading.swift; sourceTree = "<group>"; };
		50C901541D842A30000079AA /* EmptyPlaceholder.swift */ = {isa = PBXFileReference; fileEncoding = 4; lastKnownFileType = sourcecode.swift; path = EmptyPlaceholder.swift; sourceTree = "<group>"; };
		50CDED5F1D9B5F510047B614 /* Crypto.swift */ = {isa = PBXFileReference; fileEncoding = 4; lastKnownFileType = sourcecode.swift; path = Crypto.swift; sourceTree = "<group>"; };
		50CDED601D9B5F510047B614 /* Cryptor.swift */ = {isa = PBXFileReference; fileEncoding = 4; lastKnownFileType = sourcecode.swift; path = Cryptor.swift; sourceTree = "<group>"; };
		50CDED611D9B5F510047B614 /* Digest.swift */ = {isa = PBXFileReference; fileEncoding = 4; lastKnownFileType = sourcecode.swift; path = Digest.swift; sourceTree = "<group>"; };
		50CDED621D9B5F510047B614 /* HMAC.swift */ = {isa = PBXFileReference; fileEncoding = 4; lastKnownFileType = sourcecode.swift; path = HMAC.swift; sourceTree = "<group>"; };
		50CDED631D9B5F510047B614 /* Random.swift */ = {isa = PBXFileReference; fileEncoding = 4; lastKnownFileType = sourcecode.swift; path = Random.swift; sourceTree = "<group>"; };
		50CDED641D9B5F510047B614 /* Updatable.swift */ = {isa = PBXFileReference; fileEncoding = 4; lastKnownFileType = sourcecode.swift; path = Updatable.swift; sourceTree = "<group>"; };
		50DF423C1DAA32CF001A5B18 /* UIKit+Closure.swift */ = {isa = PBXFileReference; fileEncoding = 4; lastKnownFileType = sourcecode.swift; path = "UIKit+Closure.swift"; sourceTree = "<group>"; };
		50E92FE51D658690005A1048 /* Rubick.framework */ = {isa = PBXFileReference; explicitFileType = wrapper.framework; includeInIndex = 0; path = Rubick.framework; sourceTree = BUILT_PRODUCTS_DIR; };
		50E92FF21D658700005A1048 /* UIColor+Extension.swift */ = {isa = PBXFileReference; fileEncoding = 4; lastKnownFileType = sourcecode.swift; path = "UIColor+Extension.swift"; sourceTree = "<group>"; };
		50E92FF81D65880E005A1048 /* Info.plist */ = {isa = PBXFileReference; fileEncoding = 4; lastKnownFileType = text.plist.xml; path = Info.plist; sourceTree = SOURCE_ROOT; };
		50F5AAA81D91284C00C67E4C /* ImageDecoder.swift */ = {isa = PBXFileReference; fileEncoding = 4; lastKnownFileType = sourcecode.swift; path = ImageDecoder.swift; sourceTree = "<group>"; };
		50FB008C1D98CC6D008EE165 /* LruCache.swift */ = {isa = PBXFileReference; fileEncoding = 4; lastKnownFileType = sourcecode.swift; path = LruCache.swift; sourceTree = "<group>"; };
		50FB008E1D990C4B008EE165 /* LruCacheTests.swift */ = {isa = PBXFileReference; fileEncoding = 4; lastKnownFileType = sourcecode.swift; path = LruCacheTests.swift; sourceTree = "<group>"; };
/* End PBXFileReference section */

/* Begin PBXFrameworksBuildPhase section */
		505339581D9691FA004CFE87 /* Frameworks */ = {
			isa = PBXFrameworksBuildPhase;
			buildActionMask = 2147483647;
			files = (
				505339601D9691FA004CFE87 /* Rubick.framework in Frameworks */,
			);
			runOnlyForDeploymentPostprocessing = 0;
		};
		508250331D9A4E4E00656663 /* Frameworks */ = {
			isa = PBXFrameworksBuildPhase;
			buildActionMask = 2147483647;
			files = (
				5082505C1D9A55EA00656663 /* Rubick.framework in Frameworks */,
			);
			runOnlyForDeploymentPostprocessing = 0;
		};
		508250491D9A4E8900656663 /* Frameworks */ = {
			isa = PBXFrameworksBuildPhase;
			buildActionMask = 2147483647;
			files = (
			);
			runOnlyForDeploymentPostprocessing = 0;
		};
		50E92FE11D658690005A1048 /* Frameworks */ = {
			isa = PBXFrameworksBuildPhase;
			buildActionMask = 2147483647;
			files = (
			);
			runOnlyForDeploymentPostprocessing = 0;
		};
/* End PBXFrameworksBuildPhase section */

/* Begin PBXGroup section */
		5011D41C1D9AAE5100EB77B8 /* Frameworks */ = {
			isa = PBXGroup;
			children = (
				5011D41D1D9AAE5100EB77B8 /* CommonCrypto.framework */,
			);
			name = Frameworks;
			sourceTree = "<group>";
		};
		5041EA781D9515900001BA42 /* Image */ = {
			isa = PBXGroup;
			children = (
				5041EA721D94FB030001BA42 /* ImageCache.swift */,
				50F5AAA81D91284C00C67E4C /* ImageDecoder.swift */,
				5041EA791D951C270001BA42 /* ImageProcessor.swift */,
				5068DA5E1D8FE7D900068996 /* ImageDownloader.swift */,
				5041EA761D9515890001BA42 /* UIKit+ImageDownload.swift */,
			);
			name = Image;
			sourceTree = "<group>";
		};
		5053395C1D9691FA004CFE87 /* RubickTests */ = {
			isa = PBXGroup;
			children = (
				5053395F1D9691FA004CFE87 /* Info.plist */,
				505339661D969590004CFE87 /* ImageDownloaderTests.swift */,
				50FB008E1D990C4B008EE165 /* LruCacheTests.swift */,
				508250301D9A46DD00656663 /* KeychainTests.swift */,
				5011D4201D9AB08600EB77B8 /* CryptoTests.swift */,
				50577F901D9CC28800581A3A /* ValidatorTests.swift */,
			);
			path = RubickTests;
			sourceTree = "<group>";
		};
		508250111D9A205A00656663 /* Utilies */ = {
			isa = PBXGroup;
			children = (
				50CDED5E1D9B5F510047B614 /* Crypto */,
				508250121D9A205A00656663 /* Box.swift */,
				508250151D9A205A00656663 /* FileHelper.swift */,
				508250161D9A205A00656663 /* Information.swift */,
				508250171D9A205A00656663 /* Keychain.swift */,
				508250181D9A205A00656663 /* Promise.swift */,
				508250191D9A205A00656663 /* Result.swift */,
				5082501A1D9A205A00656663 /* Then.swift */,
				50577F8E1D9CA6F800581A3A /* Validator.swift */,
			);
			path = Utilies;
			sourceTree = "<group>";
		};
		508250371D9A4E4E00656663 /* RubickHostApp */ = {
			isa = PBXGroup;
			children = (
				508250561D9A4E9900656663 /* RubickHostApp.entitlements */,
				508250381D9A4E4E00656663 /* AppDelegate.swift */,
				5082503A1D9A4E4E00656663 /* ViewController.swift */,
				5082503C1D9A4E4E00656663 /* Main.storyboard */,
				5082503F1D9A4E4E00656663 /* Assets.xcassets */,
				508250411D9A4E4E00656663 /* LaunchScreen.storyboard */,
				508250441D9A4E4E00656663 /* Info.plist */,
			);
			path = RubickHostApp;
			sourceTree = "<group>";
		};
		5082504D1D9A4E8900656663 /* RubickUITests */ = {
			isa = PBXGroup;
			children = (
				508250591D9A4F4100656663 /* RubickUITests-Bridging-Header.h */,
				508250501D9A4E8900656663 /* Info.plist */,
				5082505A1D9A4F4100656663 /* HUDTests.swift */,
			);
			path = RubickUITests;
			sourceTree = "<group>";
		};
		50A849021D7E5F4100A99CAE /* Services */ = {
			isa = PBXGroup;
			children = (
				5022940C1D8530FE0032CE2F /* Logger.swift */,
				50BDBCCC1D90D48C00F3F8B3 /* Cache */,
				50A849031D7E5F4100A99CAE /* Network */,
			);
			path = Services;
			sourceTree = "<group>";
		};
		50A849031D7E5F4100A99CAE /* Network */ = {
			isa = PBXGroup;
			children = (
				50A8495B1D800BC500A99CAE /* RequestType.swift */,
				50A849571D800BC500A99CAE /* BodyParameters.swift */,
				50A849581D800BC500A99CAE /* Error.swift */,
				5080171B1D979727005C50D8 /* Notification.swift */,
				50A849591D800BC500A99CAE /* Manager.swift */,
				5080171D1D979745005C50D8 /* TaskHandler.swift */,
				50A8495A1D800BC500A99CAE /* Request.swift */,
				508017191D979709005C50D8 /* Response.swift */,
				50A8496B1D81007F00A99CAE /* NetworkActivityIndicatorManager.swift */,
				5041EA781D9515900001BA42 /* Image */,
			);
			path = Network;
			sourceTree = "<group>";
		};
		50B6BB251D669DAB00256B2F /* Components */ = {
			isa = PBXGroup;
			children = (
				50B6BB261D669DBA00256B2F /* ImageLabel.swift */,
				50B6BB441D66F62700256B2F /* KeyboardManager.swift */,
				50B6BB461D66F68700256B2F /* Toast.swift */,
				50B7B90B1D6E9D1400D6F84B /* TabBar.swift */,
				50766F461D6EF31A000DFA1A /* SegmentedControl.swift */,
				50C3E7881D893E450038A8E3 /* UIScrollViewLoading.swift */,
				50C901541D842A30000079AA /* EmptyPlaceholder.swift */,
				50C3E7841D88EBB80038A8E3 /* EmptyPlaceholderSwizzle.h */,
				50C3E7851D88EBB80038A8E3 /* EmptyPlaceholderSwizzle.m */,
			);
			path = Components;
			sourceTree = "<group>";
		};
		50BDBCCC1D90D48C00F3F8B3 /* Cache */ = {
			isa = PBXGroup;
			children = (
				50FB008C1D98CC6D008EE165 /* LruCache.swift */,
				50BDBCCD1D90D48C00F3F8B3 /* Cache.swift */,
				50BDBCCF1D90D49500F3F8B3 /* DiskCache.swift */,
				50BDBCD11D90D4A700F3F8B3 /* MemoryCache.swift */,
			);
			path = Cache;
			sourceTree = "<group>";
		};
		50CDED5E1D9B5F510047B614 /* Crypto */ = {
			isa = PBXGroup;
			children = (
				50CDED5F1D9B5F510047B614 /* Crypto.swift */,
				50CDED601D9B5F510047B614 /* Cryptor.swift */,
				50CDED641D9B5F510047B614 /* Updatable.swift */,
				50CDED611D9B5F510047B614 /* Digest.swift */,
				50CDED621D9B5F510047B614 /* HMAC.swift */,
				50CDED631D9B5F510047B614 /* Random.swift */,
			);
			path = Crypto;
			sourceTree = "<group>";
		};
		50E92FD91D658673005A1048 = {
			isa = PBXGroup;
			children = (
				50E92FE71D658690005A1048 /* Rubick */,
				5053395C1D9691FA004CFE87 /* RubickTests */,
				5082504D1D9A4E8900656663 /* RubickUITests */,
				508250371D9A4E4E00656663 /* RubickHostApp */,
				50E92FE61D658690005A1048 /* Products */,
				5011D41C1D9AAE5100EB77B8 /* Frameworks */,
			);
			sourceTree = "<group>";
		};
		50E92FE61D658690005A1048 /* Products */ = {
			isa = PBXGroup;
			children = (
				50E92FE51D658690005A1048 /* Rubick.framework */,
				5053395B1D9691FA004CFE87 /* RubickTests.xctest */,
				508250361D9A4E4E00656663 /* RubickHostApp.app */,
				5082504C1D9A4E8900656663 /* RubickUITests.xctest */,
			);
			name = Products;
			sourceTree = "<group>";
		};
		50E92FE71D658690005A1048 /* Rubick */ = {
			isa = PBXGroup;
			children = (
				50B6BB0D1D658B8600256B2F /* Rubick.h */,
				50E92FF81D65880E005A1048 /* Info.plist */,
				50E92FEE1D6586E1005A1048 /* Sources */,
			);
			path = Rubick;
			sourceTree = "<group>";
		};
		50E92FEE1D6586E1005A1048 /* Sources */ = {
			isa = PBXGroup;
			children = (
				50B6BB421D66F49700256B2F /* Constaints.swift */,
				500116EA1D9DF09900D3E0E8 /* Errors.swift */,
				508250111D9A205A00656663 /* Utilies */,
				50A849021D7E5F4100A99CAE /* Services */,
				50B6BB251D669DAB00256B2F /* Components */,
				50E92FEF1D6586E1005A1048 /* Extension */,
			);
			path = Sources;
			sourceTree = SOURCE_ROOT;
		};
		50E92FEF1D6586E1005A1048 /* Extension */ = {
			isa = PBXGroup;
			children = (
				50766F3A1D6ECC30000DFA1A /* TypeConvert.swift */,
				50A15AF41D82AA4300355F8A /* Extension.swift */,
				50DF423C1DAA32CF001A5B18 /* UIKit+Closure.swift */,
				50B6BB2A1D66ADB600256B2F /* Array+Extension.swift */,
				50E92FF21D658700005A1048 /* UIColor+Extension.swift */,
				50B7B9071D6E94F200D6F84B /* UIView+Extension.swift */,
				50B7B9091D6E9AC200D6F84B /* UIImage+Extension.swift */,
				50A4DCC21D742DF20023E8E6 /* UIEdgeInsets+Extension.swift */,
				5041EA741D9506630001BA42 /* String+Extension.swift */,
				505339551D964AEB004CFE87 /* DispatchQueue+Extension.swift */,
			);
			path = Extension;
			sourceTree = "<group>";
		};
/* End PBXGroup section */

/* Begin PBXHeadersBuildPhase section */
		50E92FE21D658690005A1048 /* Headers */ = {
			isa = PBXHeadersBuildPhase;
			buildActionMask = 2147483647;
			files = (
				50B6BB0E1D658B8600256B2F /* Rubick.h in Headers */,
				50C3E7861D88EBB80038A8E3 /* EmptyPlaceholderSwizzle.h in Headers */,
			);
			runOnlyForDeploymentPostprocessing = 0;
		};
/* End PBXHeadersBuildPhase section */

/* Begin PBXNativeTarget section */
		5053395A1D9691FA004CFE87 /* RubickTests */ = {
			isa = PBXNativeTarget;
			buildConfigurationList = 505339631D9691FA004CFE87 /* Build configuration list for PBXNativeTarget "RubickTests" */;
			buildPhases = (
				505339571D9691FA004CFE87 /* Sources */,
				505339581D9691FA004CFE87 /* Frameworks */,
				505339591D9691FA004CFE87 /* Resources */,
			);
			buildRules = (
			);
			dependencies = (
				505339621D9691FA004CFE87 /* PBXTargetDependency */,
				508250581D9A4ECA00656663 /* PBXTargetDependency */,
			);
			name = RubickTests;
			productName = RubickTests;
			productReference = 5053395B1D9691FA004CFE87 /* RubickTests.xctest */;
			productType = "com.apple.product-type.bundle.unit-test";
		};
		508250351D9A4E4E00656663 /* RubickHostApp */ = {
			isa = PBXNativeTarget;
			buildConfigurationList = 508250451D9A4E4E00656663 /* Build configuration list for PBXNativeTarget "RubickHostApp" */;
			buildPhases = (
				508250321D9A4E4E00656663 /* Sources */,
				508250331D9A4E4E00656663 /* Frameworks */,
				508250341D9A4E4E00656663 /* Resources */,
				508250601D9A55EA00656663 /* Embed Frameworks */,
			);
			buildRules = (
			);
			dependencies = (
				5082505F1D9A55EA00656663 /* PBXTargetDependency */,
			);
			name = RubickHostApp;
			productName = RubickHostApp;
			productReference = 508250361D9A4E4E00656663 /* RubickHostApp.app */;
			productType = "com.apple.product-type.application";
		};
		5082504B1D9A4E8900656663 /* RubickUITests */ = {
			isa = PBXNativeTarget;
			buildConfigurationList = 508250531D9A4E8900656663 /* Build configuration list for PBXNativeTarget "RubickUITests" */;
			buildPhases = (
				508250481D9A4E8900656663 /* Sources */,
				508250491D9A4E8900656663 /* Frameworks */,
				5082504A1D9A4E8900656663 /* Resources */,
			);
			buildRules = (
			);
			dependencies = (
				508250521D9A4E8900656663 /* PBXTargetDependency */,
			);
			name = RubickUITests;
			productName = RubickUITests;
			productReference = 5082504C1D9A4E8900656663 /* RubickUITests.xctest */;
			productType = "com.apple.product-type.bundle.ui-testing";
		};
		50E92FE41D658690005A1048 /* Rubick */ = {
			isa = PBXNativeTarget;
			buildConfigurationList = 50E92FEB1D658690005A1048 /* Build configuration list for PBXNativeTarget "Rubick" */;
			buildPhases = (
				50E92FE01D658690005A1048 /* Sources */,
				50E92FE11D658690005A1048 /* Frameworks */,
				50E92FE21D658690005A1048 /* Headers */,
				50E92FE31D658690005A1048 /* Resources */,
			);
			buildRules = (
			);
			dependencies = (
			);
			name = Rubick;
			productName = Rubick;
			productReference = 50E92FE51D658690005A1048 /* Rubick.framework */;
			productType = "com.apple.product-type.framework";
		};
/* End PBXNativeTarget section */

/* Begin PBXProject section */
		50E92FDA1D658673005A1048 /* Project object */ = {
			isa = PBXProject;
			attributes = {
				LastSwiftUpdateCheck = 0800;
				LastUpgradeCheck = 0800;
				ORGANIZATIONNAME = "";
				TargetAttributes = {
					5053395A1D9691FA004CFE87 = {
						CreatedOnToolsVersion = 8.0;
						DevelopmentTeam = BLU32697WN;
						ProvisioningStyle = Automatic;
					};
					508250351D9A4E4E00656663 = {
						CreatedOnToolsVersion = 8.0;
						DevelopmentTeam = BLU32697WN;
						ProvisioningStyle = Automatic;
						SystemCapabilities = {
							com.apple.ApplicationGroups.iOS = {
								enabled = 0;
							};
							com.apple.Keychain = {
								enabled = 1;
							};
						};
					};
					5082504B1D9A4E8900656663 = {
						CreatedOnToolsVersion = 8.0;
						DevelopmentTeam = BLU32697WN;
						LastSwiftMigration = 0800;
						ProvisioningStyle = Automatic;
						TestTargetID = 508250351D9A4E4E00656663;
					};
					50E92FE41D658690005A1048 = {
						CreatedOnToolsVersion = 7.3.1;
						DevelopmentTeam = BLU32697WN;
						LastSwiftMigration = 0800;
					};
				};
			};
			buildConfigurationList = 50E92FDD1D658673005A1048 /* Build configuration list for PBXProject "Rubick" */;
			compatibilityVersion = "Xcode 3.2";
			developmentRegion = English;
			hasScannedForEncodings = 0;
			knownRegions = (
				en,
				Base,
			);
			mainGroup = 50E92FD91D658673005A1048;
			productRefGroup = 50E92FE61D658690005A1048 /* Products */;
			projectDirPath = "";
			projectRoot = "";
			targets = (
				50E92FE41D658690005A1048 /* Rubick */,
				5053395A1D9691FA004CFE87 /* RubickTests */,
				5082504B1D9A4E8900656663 /* RubickUITests */,
				508250351D9A4E4E00656663 /* RubickHostApp */,
			);
		};
/* End PBXProject section */

/* Begin PBXResourcesBuildPhase section */
		505339591D9691FA004CFE87 /* Resources */ = {
			isa = PBXResourcesBuildPhase;
			buildActionMask = 2147483647;
			files = (
			);
			runOnlyForDeploymentPostprocessing = 0;
		};
		508250341D9A4E4E00656663 /* Resources */ = {
			isa = PBXResourcesBuildPhase;
			buildActionMask = 2147483647;
			files = (
				508250431D9A4E4E00656663 /* LaunchScreen.storyboard in Resources */,
				508250401D9A4E4E00656663 /* Assets.xcassets in Resources */,
				5082503E1D9A4E4E00656663 /* Main.storyboard in Resources */,
			);
			runOnlyForDeploymentPostprocessing = 0;
		};
		5082504A1D9A4E8900656663 /* Resources */ = {
			isa = PBXResourcesBuildPhase;
			buildActionMask = 2147483647;
			files = (
			);
			runOnlyForDeploymentPostprocessing = 0;
		};
		50E92FE31D658690005A1048 /* Resources */ = {
			isa = PBXResourcesBuildPhase;
			buildActionMask = 2147483647;
			files = (
			);
			runOnlyForDeploymentPostprocessing = 0;
		};
/* End PBXResourcesBuildPhase section */

/* Begin PBXSourcesBuildPhase section */
		505339571D9691FA004CFE87 /* Sources */ = {
			isa = PBXSourcesBuildPhase;
			buildActionMask = 2147483647;
			files = (
				5011D4211D9AB08600EB77B8 /* CryptoTests.swift in Sources */,
				50577F911D9CC28800581A3A /* ValidatorTests.swift in Sources */,
				50FB008F1D990C4B008EE165 /* LruCacheTests.swift in Sources */,
				505339671D969590004CFE87 /* ImageDownloaderTests.swift in Sources */,
				508250311D9A46DD00656663 /* KeychainTests.swift in Sources */,
			);
			runOnlyForDeploymentPostprocessing = 0;
		};
		508250321D9A4E4E00656663 /* Sources */ = {
			isa = PBXSourcesBuildPhase;
			buildActionMask = 2147483647;
			files = (
				5082503B1D9A4E4E00656663 /* ViewController.swift in Sources */,
				508250391D9A4E4E00656663 /* AppDelegate.swift in Sources */,
			);
			runOnlyForDeploymentPostprocessing = 0;
		};
		508250481D9A4E8900656663 /* Sources */ = {
			isa = PBXSourcesBuildPhase;
			buildActionMask = 2147483647;
			files = (
				5082505B1D9A4F4100656663 /* HUDTests.swift in Sources */,
			);
			runOnlyForDeploymentPostprocessing = 0;
		};
		50E92FE01D658690005A1048 /* Sources */ = {
			isa = PBXSourcesBuildPhase;
			buildActionMask = 2147483647;
			files = (
				50A8495D1D800BC500A99CAE /* Error.swift in Sources */,
				50A4DCC31D742DF20023E8E6 /* UIEdgeInsets+Extension.swift in Sources */,
				5041EA7A1D951C270001BA42 /* ImageProcessor.swift in Sources */,
				50B6BB2B1D66ADB600256B2F /* Array+Extension.swift in Sources */,
				50577F8F1D9CA6F800581A3A /* Validator.swift in Sources */,
				50766F3B1D6ECC30000DFA1A /* TypeConvert.swift in Sources */,
				50B7B9081D6E94F200D6F84B /* UIView+Extension.swift in Sources */,
				50B7B90A1D6E9AC200D6F84B /* UIImage+Extension.swift in Sources */,
				50F5AAA91D91284C00C67E4C /* ImageDecoder.swift in Sources */,
				508250231D9A205A00656663 /* Then.swift in Sources */,
				50C3E7891D893E450038A8E3 /* UIScrollViewLoading.swift in Sources */,
				5082501E1D9A205A00656663 /* FileHelper.swift in Sources */,
				50BDBCD01D90D49500F3F8B3 /* DiskCache.swift in Sources */,
				5080171E1D979745005C50D8 /* TaskHandler.swift in Sources */,
				50A8495F1D800BC500A99CAE /* Request.swift in Sources */,
				50B6BB471D66F68700256B2F /* Toast.swift in Sources */,
				50B6BB431D66F49700256B2F /* Constaints.swift in Sources */,
				5022940D1D8530FE0032CE2F /* Logger.swift in Sources */,
				50A8495C1D800BC500A99CAE /* BodyParameters.swift in Sources */,
				50B6BB451D66F62700256B2F /* KeyboardManager.swift in Sources */,
				508250211D9A205A00656663 /* Promise.swift in Sources */,
				50B6BB271D669DBA00256B2F /* ImageLabel.swift in Sources */,
				5068DA5F1D8FE7D900068996 /* ImageDownloader.swift in Sources */,
				50CDED691D9B5F510047B614 /* Random.swift in Sources */,
				500116EB1D9DF09900D3E0E8 /* Errors.swift in Sources */,
				50CDED661D9B5F510047B614 /* Cryptor.swift in Sources */,
				50CDED671D9B5F510047B614 /* Digest.swift in Sources */,
				50C3E7871D88EBB80038A8E3 /* EmptyPlaceholderSwizzle.m in Sources */,
				50E92FF31D658700005A1048 /* UIColor+Extension.swift in Sources */,
				5082501B1D9A205A00656663 /* Box.swift in Sources */,
				5041EA751D9506630001BA42 /* String+Extension.swift in Sources */,
				50BDBCD21D90D4A700F3F8B3 /* MemoryCache.swift in Sources */,
				5041EA771D9515890001BA42 /* UIKit+ImageDownload.swift in Sources */,
				50A849601D800BC500A99CAE /* RequestType.swift in Sources */,
				50A8496C1D81007F00A99CAE /* NetworkActivityIndicatorManager.swift in Sources */,
				50766F471D6EF31A000DFA1A /* SegmentedControl.swift in Sources */,
				50C901551D842A30000079AA /* EmptyPlaceholder.swift in Sources */,
				5041EA731D94FB030001BA42 /* ImageCache.swift in Sources */,
				5080171A1D979709005C50D8 /* Response.swift in Sources */,
				50BDBCCE1D90D48C00F3F8B3 /* Cache.swift in Sources */,
				50B7B90C1D6E9D1400D6F84B /* TabBar.swift in Sources */,
				50CDED651D9B5F510047B614 /* Crypto.swift in Sources */,
				508250221D9A205A00656663 /* Result.swift in Sources */,
				50A8495E1D800BC500A99CAE /* Manager.swift in Sources */,
				50CDED6A1D9B5F510047B614 /* Updatable.swift in Sources */,
				5082501F1D9A205A00656663 /* Information.swift in Sources */,
				50DF423D1DAA32CF001A5B18 /* UIKit+Closure.swift in Sources */,
				50FB008D1D98CC6D008EE165 /* LruCache.swift in Sources */,
				5080171C1D979727005C50D8 /* Notification.swift in Sources */,
				50A15AF51D82AA4300355F8A /* Extension.swift in Sources */,
				508250201D9A205A00656663 /* Keychain.swift in Sources */,
				505339561D964AEB004CFE87 /* DispatchQueue+Extension.swift in Sources */,
				50CDED681D9B5F510047B614 /* HMAC.swift in Sources */,
			);
			runOnlyForDeploymentPostprocessing = 0;
		};
/* End PBXSourcesBuildPhase section */

/* Begin PBXTargetDependency section */
		505339621D9691FA004CFE87 /* PBXTargetDependency */ = {
			isa = PBXTargetDependency;
			target = 50E92FE41D658690005A1048 /* Rubick */;
			targetProxy = 505339611D9691FA004CFE87 /* PBXContainerItemProxy */;
		};
		508250521D9A4E8900656663 /* PBXTargetDependency */ = {
			isa = PBXTargetDependency;
			target = 508250351D9A4E4E00656663 /* RubickHostApp */;
			targetProxy = 508250511D9A4E8900656663 /* PBXContainerItemProxy */;
		};
		508250581D9A4ECA00656663 /* PBXTargetDependency */ = {
			isa = PBXTargetDependency;
			target = 508250351D9A4E4E00656663 /* RubickHostApp */;
			targetProxy = 508250571D9A4ECA00656663 /* PBXContainerItemProxy */;
		};
		5082505F1D9A55EA00656663 /* PBXTargetDependency */ = {
			isa = PBXTargetDependency;
			target = 50E92FE41D658690005A1048 /* Rubick */;
			targetProxy = 5082505E1D9A55EA00656663 /* PBXContainerItemProxy */;
		};
/* End PBXTargetDependency section */

/* Begin PBXVariantGroup section */
		5082503C1D9A4E4E00656663 /* Main.storyboard */ = {
			isa = PBXVariantGroup;
			children = (
				5082503D1D9A4E4E00656663 /* Base */,
			);
			name = Main.storyboard;
			sourceTree = "<group>";
		};
		508250411D9A4E4E00656663 /* LaunchScreen.storyboard */ = {
			isa = PBXVariantGroup;
			children = (
				508250421D9A4E4E00656663 /* Base */,
			);
			name = LaunchScreen.storyboard;
			sourceTree = "<group>";
		};
/* End PBXVariantGroup section */

/* Begin XCBuildConfiguration section */
		505339641D9691FA004CFE87 /* Debug */ = {
			isa = XCBuildConfiguration;
			buildSettings = {
				CLANG_ANALYZER_NONNULL = YES;
				CLANG_CXX_LANGUAGE_STANDARD = "gnu++0x";
				CLANG_CXX_LIBRARY = "libc++";
				CLANG_ENABLE_MODULES = YES;
				CLANG_ENABLE_OBJC_ARC = YES;
				CLANG_WARN_DIRECT_OBJC_ISA_USAGE = YES_ERROR;
				CLANG_WARN_DOCUMENTATION_COMMENTS = YES;
				CLANG_WARN_OBJC_ROOT_CLASS = YES_ERROR;
				CLANG_WARN_SUSPICIOUS_MOVES = YES;
				"CODE_SIGN_IDENTITY[sdk=iphoneos*]" = "iPhone Developer";
				COPY_PHASE_STRIP = NO;
				DEBUG_INFORMATION_FORMAT = dwarf;
				DEVELOPMENT_TEAM = BLU32697WN;
				GCC_C_LANGUAGE_STANDARD = gnu99;
				GCC_DYNAMIC_NO_PIC = NO;
				GCC_OPTIMIZATION_LEVEL = 0;
				GCC_PREPROCESSOR_DEFINITIONS = (
					"DEBUG=1",
					"$(inherited)",
				);
				GCC_WARN_ABOUT_RETURN_TYPE = YES_ERROR;
				GCC_WARN_UNINITIALIZED_AUTOS = YES_AGGRESSIVE;
				INFOPLIST_FILE = RubickTests/Info.plist;
				IPHONEOS_DEPLOYMENT_TARGET = 10.0;
				LD_RUNPATH_SEARCH_PATHS = "$(inherited) @executable_path/Frameworks @loader_path/Frameworks";
				MTL_ENABLE_DEBUG_INFO = YES;
				PRODUCT_BUNDLE_IDENTIFIER = com.rubick.RubickTests;
				PRODUCT_NAME = "$(TARGET_NAME)";
				SDKROOT = iphoneos;
				SWIFT_ACTIVE_COMPILATION_CONDITIONS = DEBUG;
				SWIFT_OPTIMIZATION_LEVEL = "-Onone";
				SWIFT_VERSION = 3.0;
			};
			name = Debug;
		};
		505339651D9691FA004CFE87 /* Release */ = {
			isa = XCBuildConfiguration;
			buildSettings = {
				CLANG_ANALYZER_NONNULL = YES;
				CLANG_CXX_LANGUAGE_STANDARD = "gnu++0x";
				CLANG_CXX_LIBRARY = "libc++";
				CLANG_ENABLE_MODULES = YES;
				CLANG_ENABLE_OBJC_ARC = YES;
				CLANG_WARN_DIRECT_OBJC_ISA_USAGE = YES_ERROR;
				CLANG_WARN_DOCUMENTATION_COMMENTS = YES;
				CLANG_WARN_OBJC_ROOT_CLASS = YES_ERROR;
				CLANG_WARN_SUSPICIOUS_MOVES = YES;
				"CODE_SIGN_IDENTITY[sdk=iphoneos*]" = "iPhone Developer";
				COPY_PHASE_STRIP = NO;
				DEBUG_INFORMATION_FORMAT = "dwarf-with-dsym";
				DEVELOPMENT_TEAM = BLU32697WN;
				ENABLE_NS_ASSERTIONS = NO;
				GCC_C_LANGUAGE_STANDARD = gnu99;
				GCC_WARN_ABOUT_RETURN_TYPE = YES_ERROR;
				GCC_WARN_UNINITIALIZED_AUTOS = YES_AGGRESSIVE;
				INFOPLIST_FILE = RubickTests/Info.plist;
				IPHONEOS_DEPLOYMENT_TARGET = 10.0;
				LD_RUNPATH_SEARCH_PATHS = "$(inherited) @executable_path/Frameworks @loader_path/Frameworks";
				MTL_ENABLE_DEBUG_INFO = NO;
				PRODUCT_BUNDLE_IDENTIFIER = com.rubick.RubickTests;
				PRODUCT_NAME = "$(TARGET_NAME)";
				SDKROOT = iphoneos;
				SWIFT_VERSION = 3.0;
				VALIDATE_PRODUCT = YES;
			};
			name = Release;
		};
		508250461D9A4E4E00656663 /* Debug */ = {
			isa = XCBuildConfiguration;
			buildSettings = {
				ALWAYS_EMBED_SWIFT_STANDARD_LIBRARIES = YES;
				ASSETCATALOG_COMPILER_APPICON_NAME = AppIcon;
				CLANG_ANALYZER_NONNULL = YES;
				CLANG_CXX_LANGUAGE_STANDARD = "gnu++0x";
				CLANG_CXX_LIBRARY = "libc++";
				CLANG_ENABLE_MODULES = YES;
				CLANG_ENABLE_OBJC_ARC = YES;
				CLANG_WARN_DIRECT_OBJC_ISA_USAGE = YES_ERROR;
				CLANG_WARN_DOCUMENTATION_COMMENTS = YES;
				CLANG_WARN_OBJC_ROOT_CLASS = YES_ERROR;
				CLANG_WARN_SUSPICIOUS_MOVES = YES;
				CODE_SIGN_ENTITLEMENTS = RubickHostApp/RubickHostApp.entitlements;
				"CODE_SIGN_IDENTITY[sdk=iphoneos*]" = "iPhone Developer";
				COPY_PHASE_STRIP = NO;
				DEBUG_INFORMATION_FORMAT = dwarf;
				DEVELOPMENT_TEAM = BLU32697WN;
				GCC_C_LANGUAGE_STANDARD = gnu99;
				GCC_DYNAMIC_NO_PIC = NO;
				GCC_OPTIMIZATION_LEVEL = 0;
				GCC_PREPROCESSOR_DEFINITIONS = (
					"DEBUG=1",
					"$(inherited)",
				);
				GCC_WARN_ABOUT_RETURN_TYPE = YES_ERROR;
				GCC_WARN_UNINITIALIZED_AUTOS = YES_AGGRESSIVE;
				INFOPLIST_FILE = RubickHostApp/Info.plist;
				IPHONEOS_DEPLOYMENT_TARGET = 10.0;
				LD_RUNPATH_SEARCH_PATHS = "$(inherited) @executable_path/Frameworks";
				MTL_ENABLE_DEBUG_INFO = YES;
				PRODUCT_BUNDLE_IDENTIFIER = com.dacai.RubickHostApp;
				PRODUCT_NAME = "$(TARGET_NAME)";
				SDKROOT = iphoneos;
				SWIFT_ACTIVE_COMPILATION_CONDITIONS = DEBUG;
				SWIFT_OPTIMIZATION_LEVEL = "-Onone";
				SWIFT_VERSION = 3.0;
			};
			name = Debug;
		};
		508250471D9A4E4E00656663 /* Release */ = {
			isa = XCBuildConfiguration;
			buildSettings = {
				ALWAYS_EMBED_SWIFT_STANDARD_LIBRARIES = YES;
				ASSETCATALOG_COMPILER_APPICON_NAME = AppIcon;
				CLANG_ANALYZER_NONNULL = YES;
				CLANG_CXX_LANGUAGE_STANDARD = "gnu++0x";
				CLANG_CXX_LIBRARY = "libc++";
				CLANG_ENABLE_MODULES = YES;
				CLANG_ENABLE_OBJC_ARC = YES;
				CLANG_WARN_DIRECT_OBJC_ISA_USAGE = YES_ERROR;
				CLANG_WARN_DOCUMENTATION_COMMENTS = YES;
				CLANG_WARN_OBJC_ROOT_CLASS = YES_ERROR;
				CLANG_WARN_SUSPICIOUS_MOVES = YES;
				CODE_SIGN_ENTITLEMENTS = RubickHostApp/RubickHostApp.entitlements;
				"CODE_SIGN_IDENTITY[sdk=iphoneos*]" = "iPhone Developer";
				COPY_PHASE_STRIP = NO;
				DEBUG_INFORMATION_FORMAT = "dwarf-with-dsym";
				DEVELOPMENT_TEAM = BLU32697WN;
				ENABLE_NS_ASSERTIONS = NO;
				GCC_C_LANGUAGE_STANDARD = gnu99;
				GCC_WARN_ABOUT_RETURN_TYPE = YES_ERROR;
				GCC_WARN_UNINITIALIZED_AUTOS = YES_AGGRESSIVE;
				INFOPLIST_FILE = RubickHostApp/Info.plist;
				IPHONEOS_DEPLOYMENT_TARGET = 10.0;
				LD_RUNPATH_SEARCH_PATHS = "$(inherited) @executable_path/Frameworks";
				MTL_ENABLE_DEBUG_INFO = NO;
				PRODUCT_BUNDLE_IDENTIFIER = com.dacai.RubickHostApp;
				PRODUCT_NAME = "$(TARGET_NAME)";
				SDKROOT = iphoneos;
				SWIFT_VERSION = 3.0;
				VALIDATE_PRODUCT = YES;
			};
			name = Release;
		};
		508250541D9A4E8900656663 /* Debug */ = {
			isa = XCBuildConfiguration;
			buildSettings = {
				CLANG_ANALYZER_NONNULL = YES;
				CLANG_CXX_LANGUAGE_STANDARD = "gnu++0x";
				CLANG_CXX_LIBRARY = "libc++";
				CLANG_ENABLE_MODULES = YES;
				CLANG_ENABLE_OBJC_ARC = YES;
				CLANG_WARN_DIRECT_OBJC_ISA_USAGE = YES_ERROR;
				CLANG_WARN_DOCUMENTATION_COMMENTS = YES;
				CLANG_WARN_OBJC_ROOT_CLASS = YES_ERROR;
				CLANG_WARN_SUSPICIOUS_MOVES = YES;
				"CODE_SIGN_IDENTITY[sdk=iphoneos*]" = "iPhone Developer";
				COPY_PHASE_STRIP = NO;
				DEBUG_INFORMATION_FORMAT = dwarf;
				DEVELOPMENT_TEAM = BLU32697WN;
				GCC_C_LANGUAGE_STANDARD = gnu99;
				GCC_DYNAMIC_NO_PIC = NO;
				GCC_OPTIMIZATION_LEVEL = 0;
				GCC_PREPROCESSOR_DEFINITIONS = (
					"DEBUG=1",
					"$(inherited)",
				);
				GCC_WARN_ABOUT_RETURN_TYPE = YES_ERROR;
				GCC_WARN_UNINITIALIZED_AUTOS = YES_AGGRESSIVE;
				INFOPLIST_FILE = RubickUITests/Info.plist;
				IPHONEOS_DEPLOYMENT_TARGET = 10.0;
				LD_RUNPATH_SEARCH_PATHS = "$(inherited) @executable_path/Frameworks @loader_path/Frameworks";
				MTL_ENABLE_DEBUG_INFO = YES;
				PRODUCT_BUNDLE_IDENTIFIER = com.dacai.RubickUITests;
				PRODUCT_NAME = "$(TARGET_NAME)";
				SDKROOT = iphoneos;
				SWIFT_ACTIVE_COMPILATION_CONDITIONS = DEBUG;
				SWIFT_OBJC_BRIDGING_HEADER = "RubickUITests/RubickUITests-Bridging-Header.h";
				SWIFT_OPTIMIZATION_LEVEL = "-Onone";
				SWIFT_VERSION = 3.0;
				TEST_TARGET_NAME = RubickHostApp;
			};
			name = Debug;
		};
		508250551D9A4E8900656663 /* Release */ = {
			isa = XCBuildConfiguration;
			buildSettings = {
				CLANG_ANALYZER_NONNULL = YES;
				CLANG_CXX_LANGUAGE_STANDARD = "gnu++0x";
				CLANG_CXX_LIBRARY = "libc++";
				CLANG_ENABLE_MODULES = YES;
				CLANG_ENABLE_OBJC_ARC = YES;
				CLANG_WARN_DIRECT_OBJC_ISA_USAGE = YES_ERROR;
				CLANG_WARN_DOCUMENTATION_COMMENTS = YES;
				CLANG_WARN_OBJC_ROOT_CLASS = YES_ERROR;
				CLANG_WARN_SUSPICIOUS_MOVES = YES;
				"CODE_SIGN_IDENTITY[sdk=iphoneos*]" = "iPhone Developer";
				COPY_PHASE_STRIP = NO;
				DEBUG_INFORMATION_FORMAT = "dwarf-with-dsym";
				DEVELOPMENT_TEAM = BLU32697WN;
				ENABLE_NS_ASSERTIONS = NO;
				GCC_C_LANGUAGE_STANDARD = gnu99;
				GCC_WARN_ABOUT_RETURN_TYPE = YES_ERROR;
				GCC_WARN_UNINITIALIZED_AUTOS = YES_AGGRESSIVE;
				INFOPLIST_FILE = RubickUITests/Info.plist;
				IPHONEOS_DEPLOYMENT_TARGET = 10.0;
				LD_RUNPATH_SEARCH_PATHS = "$(inherited) @executable_path/Frameworks @loader_path/Frameworks";
				MTL_ENABLE_DEBUG_INFO = NO;
				PRODUCT_BUNDLE_IDENTIFIER = com.dacai.RubickUITests;
				PRODUCT_NAME = "$(TARGET_NAME)";
				SDKROOT = iphoneos;
				SWIFT_OBJC_BRIDGING_HEADER = "RubickUITests/RubickUITests-Bridging-Header.h";
				SWIFT_VERSION = 3.0;
				TEST_TARGET_NAME = RubickHostApp;
				VALIDATE_PRODUCT = YES;
			};
			name = Release;
		};
		50E92FDE1D658673005A1048 /* Debug */ = {
			isa = XCBuildConfiguration;
			buildSettings = {
				ALWAYS_SEARCH_USER_PATHS = NO;
				CLANG_WARN_BOOL_CONVERSION = YES;
				CLANG_WARN_CONSTANT_CONVERSION = YES;
				CLANG_WARN_EMPTY_BODY = YES;
				CLANG_WARN_ENUM_CONVERSION = YES;
				CLANG_WARN_INFINITE_RECURSION = YES;
				CLANG_WARN_INT_CONVERSION = YES;
				CLANG_WARN_SUSPICIOUS_MOVE = YES;
				CLANG_WARN_UNREACHABLE_CODE = YES;
				CLANG_WARN__DUPLICATE_METHOD_MATCH = YES;
				ENABLE_STRICT_OBJC_MSGSEND = YES;
				ENABLE_TESTABILITY = YES;
				FRAMEWORK_SEARCH_PATHS = "$(PROJECT_DIR)/../Carthage/Build/iOS";
				GCC_NO_COMMON_BLOCKS = YES;
				GCC_PREPROCESSOR_DEFINITIONS = "DEBUG=1";
				GCC_WARN_64_TO_32_BIT_CONVERSION = YES;
				GCC_WARN_ABOUT_RETURN_TYPE = YES;
				GCC_WARN_UNDECLARED_SELECTOR = YES;
				GCC_WARN_UNINITIALIZED_AUTOS = YES;
				GCC_WARN_UNUSED_FUNCTION = YES;
				GCC_WARN_UNUSED_VARIABLE = YES;
				IPHONEOS_DEPLOYMENT_TARGET = 8.0;
				ONLY_ACTIVE_ARCH = YES;
				OTHER_SWIFT_FLAGS = "\"-DDEBUG\"";
			};
			name = Debug;
		};
		50E92FDF1D658673005A1048 /* Release */ = {
			isa = XCBuildConfiguration;
			buildSettings = {
				ALWAYS_SEARCH_USER_PATHS = NO;
				CLANG_WARN_BOOL_CONVERSION = YES;
				CLANG_WARN_CONSTANT_CONVERSION = YES;
				CLANG_WARN_EMPTY_BODY = YES;
				CLANG_WARN_ENUM_CONVERSION = YES;
				CLANG_WARN_INFINITE_RECURSION = YES;
				CLANG_WARN_INT_CONVERSION = YES;
				CLANG_WARN_SUSPICIOUS_MOVE = YES;
				CLANG_WARN_UNREACHABLE_CODE = YES;
				CLANG_WARN__DUPLICATE_METHOD_MATCH = YES;
				ENABLE_STRICT_OBJC_MSGSEND = YES;
				FRAMEWORK_SEARCH_PATHS = "$(PROJECT_DIR)/../Carthage/Build/iOS";
				GCC_NO_COMMON_BLOCKS = YES;
				GCC_WARN_64_TO_32_BIT_CONVERSION = YES;
				GCC_WARN_ABOUT_RETURN_TYPE = YES;
				GCC_WARN_UNDECLARED_SELECTOR = YES;
				GCC_WARN_UNINITIALIZED_AUTOS = YES;
				GCC_WARN_UNUSED_FUNCTION = YES;
				GCC_WARN_UNUSED_VARIABLE = YES;
				IPHONEOS_DEPLOYMENT_TARGET = 8.0;
				SWIFT_OPTIMIZATION_LEVEL = "-Owholemodule";
			};
			name = Release;
		};
		50E92FEC1D658690005A1048 /* Debug */ = {
			isa = XCBuildConfiguration;
			buildSettings = {
				CLANG_ANALYZER_NONNULL = YES;
				CLANG_CXX_LANGUAGE_STANDARD = "gnu++0x";
				CLANG_CXX_LIBRARY = "libc++";
				CLANG_ENABLE_MODULES = YES;
				CLANG_ENABLE_OBJC_ARC = YES;
				CLANG_WARN_BOOL_CONVERSION = YES;
				CLANG_WARN_CONSTANT_CONVERSION = YES;
				CLANG_WARN_DIRECT_OBJC_ISA_USAGE = YES_ERROR;
				CLANG_WARN_EMPTY_BODY = YES;
				CLANG_WARN_ENUM_CONVERSION = YES;
				CLANG_WARN_INT_CONVERSION = YES;
				CLANG_WARN_OBJC_ROOT_CLASS = YES_ERROR;
				CLANG_WARN_UNREACHABLE_CODE = YES;
				CLANG_WARN__DUPLICATE_METHOD_MATCH = YES;
				"CODE_SIGN_IDENTITY[sdk=iphoneos*]" = "";
				COPY_PHASE_STRIP = NO;
				CURRENT_PROJECT_VERSION = 1;
				DEBUG_INFORMATION_FORMAT = dwarf;
				DEFINES_MODULE = YES;
				DEVELOPMENT_TEAM = BLU32697WN;
				DYLIB_COMPATIBILITY_VERSION = 1;
				DYLIB_CURRENT_VERSION = 1;
				DYLIB_INSTALL_NAME_BASE = "@rpath";
				ENABLE_STRICT_OBJC_MSGSEND = YES;
				ENABLE_TESTABILITY = YES;
				GCC_C_LANGUAGE_STANDARD = gnu99;
				GCC_DYNAMIC_NO_PIC = NO;
				GCC_NO_COMMON_BLOCKS = YES;
				GCC_OPTIMIZATION_LEVEL = 0;
				GCC_WARN_64_TO_32_BIT_CONVERSION = YES;
				GCC_WARN_ABOUT_RETURN_TYPE = YES_ERROR;
				GCC_WARN_UNDECLARED_SELECTOR = YES;
				GCC_WARN_UNINITIALIZED_AUTOS = YES_AGGRESSIVE;
				GCC_WARN_UNUSED_FUNCTION = YES;
				GCC_WARN_UNUSED_VARIABLE = YES;
				INFOPLIST_FILE = "$(SRCROOT)/Info.plist";
				INSTALL_PATH = "$(LOCAL_LIBRARY_DIR)/Frameworks";
				LD_RUNPATH_SEARCH_PATHS = "$(inherited) @executable_path/Frameworks @loader_path/Frameworks";
				MTL_ENABLE_DEBUG_INFO = YES;
				ONLY_ACTIVE_ARCH = YES;
				PRODUCT_BUNDLE_IDENTIFIER = com.dacai.rubick;
				PRODUCT_NAME = "$(TARGET_NAME)";
				SDKROOT = iphoneos;
				SKIP_INSTALL = YES;
				SWIFT_OPTIMIZATION_LEVEL = "-Onone";
				SWIFT_VERSION = 3.0;
				TARGETED_DEVICE_FAMILY = "1,2";
				VERSIONING_SYSTEM = "apple-generic";
				VERSION_INFO_PREFIX = "";
			};
			name = Debug;
		};
		50E92FED1D658690005A1048 /* Release */ = {
			isa = XCBuildConfiguration;
			buildSettings = {
				CLANG_ANALYZER_NONNULL = YES;
				CLANG_CXX_LANGUAGE_STANDARD = "gnu++0x";
				CLANG_CXX_LIBRARY = "libc++";
				CLANG_ENABLE_MODULES = YES;
				CLANG_ENABLE_OBJC_ARC = YES;
				CLANG_WARN_BOOL_CONVERSION = YES;
				CLANG_WARN_CONSTANT_CONVERSION = YES;
				CLANG_WARN_DIRECT_OBJC_ISA_USAGE = YES_ERROR;
				CLANG_WARN_EMPTY_BODY = YES;
				CLANG_WARN_ENUM_CONVERSION = YES;
				CLANG_WARN_INT_CONVERSION = YES;
				CLANG_WARN_OBJC_ROOT_CLASS = YES_ERROR;
				CLANG_WARN_UNREACHABLE_CODE = YES;
				CLANG_WARN__DUPLICATE_METHOD_MATCH = YES;
				"CODE_SIGN_IDENTITY[sdk=iphoneos*]" = "";
				COPY_PHASE_STRIP = NO;
				CURRENT_PROJECT_VERSION = 1;
				DEBUG_INFORMATION_FORMAT = "dwarf-with-dsym";
				DEFINES_MODULE = YES;
				DEVELOPMENT_TEAM = BLU32697WN;
				DYLIB_COMPATIBILITY_VERSION = 1;
				DYLIB_CURRENT_VERSION = 1;
				DYLIB_INSTALL_NAME_BASE = "@rpath";
				ENABLE_NS_ASSERTIONS = NO;
				ENABLE_STRICT_OBJC_MSGSEND = YES;
				GCC_C_LANGUAGE_STANDARD = gnu99;
				GCC_NO_COMMON_BLOCKS = YES;
				GCC_WARN_64_TO_32_BIT_CONVERSION = YES;
				GCC_WARN_ABOUT_RETURN_TYPE = YES_ERROR;
				GCC_WARN_UNDECLARED_SELECTOR = YES;
				GCC_WARN_UNINITIALIZED_AUTOS = YES_AGGRESSIVE;
				GCC_WARN_UNUSED_FUNCTION = YES;
				GCC_WARN_UNUSED_VARIABLE = YES;
				INFOPLIST_FILE = "$(SRCROOT)/Info.plist";
				INSTALL_PATH = "$(LOCAL_LIBRARY_DIR)/Frameworks";
				LD_RUNPATH_SEARCH_PATHS = "$(inherited) @executable_path/Frameworks @loader_path/Frameworks";
				MTL_ENABLE_DEBUG_INFO = NO;
				PRODUCT_BUNDLE_IDENTIFIER = com.dacai.rubick;
				PRODUCT_NAME = "$(TARGET_NAME)";
				SDKROOT = iphoneos;
				SKIP_INSTALL = YES;
				SWIFT_VERSION = 3.0;
				TARGETED_DEVICE_FAMILY = "1,2";
				VALIDATE_PRODUCT = YES;
				VERSIONING_SYSTEM = "apple-generic";
				VERSION_INFO_PREFIX = "";
			};
			name = Release;
		};
/* End XCBuildConfiguration section */

/* Begin XCConfigurationList section */
		505339631D9691FA004CFE87 /* Build configuration list for PBXNativeTarget "RubickTests" */ = {
			isa = XCConfigurationList;
			buildConfigurations = (
				505339641D9691FA004CFE87 /* Debug */,
				505339651D9691FA004CFE87 /* Release */,
			);
			defaultConfigurationIsVisible = 0;
			defaultConfigurationName = Release;
		};
		508250451D9A4E4E00656663 /* Build configuration list for PBXNativeTarget "RubickHostApp" */ = {
			isa = XCConfigurationList;
			buildConfigurations = (
				508250461D9A4E4E00656663 /* Debug */,
				508250471D9A4E4E00656663 /* Release */,
			);
			defaultConfigurationIsVisible = 0;
			defaultConfigurationName = Release;
		};
		508250531D9A4E8900656663 /* Build configuration list for PBXNativeTarget "RubickUITests" */ = {
			isa = XCConfigurationList;
			buildConfigurations = (
				508250541D9A4E8900656663 /* Debug */,
				508250551D9A4E8900656663 /* Release */,
			);
			defaultConfigurationIsVisible = 0;
			defaultConfigurationName = Release;
		};
		50E92FDD1D658673005A1048 /* Build configuration list for PBXProject "Rubick" */ = {
			isa = XCConfigurationList;
			buildConfigurations = (
				50E92FDE1D658673005A1048 /* Debug */,
				50E92FDF1D658673005A1048 /* Release */,
			);
			defaultConfigurationIsVisible = 0;
			defaultConfigurationName = Release;
		};
		50E92FEB1D658690005A1048 /* Build configuration list for PBXNativeTarget "Rubick" */ = {
			isa = XCConfigurationList;
			buildConfigurations = (
				50E92FEC1D658690005A1048 /* Debug */,
				50E92FED1D658690005A1048 /* Release */,
			);
			defaultConfigurationIsVisible = 0;
			defaultConfigurationName = Release;
		};
/* End XCConfigurationList section */
	};
	rootObject = 50E92FDA1D658673005A1048 /* Project object */;
}
